PODS:
  - MBProgressHUD (1.1.0)
  - SDWebImage (5.0.6):
    - SDWebImage/Core (= 5.0.6)
  - SDWebImage/Core (5.0.6)
  - SWPhotoBrower (1.1.9):
    - MBProgressHUD
    - SDWebImage (~> 5.0)

DEPENDENCIES:
  - SWPhotoBrower (from `./`)

SPEC REPOS:
  https://github.com/CocoaPods/Specs:
    - MBProgressHUD
    - SDWebImage

EXTERNAL SOURCES:
  SWPhotoBrower:
    :path: "./"

SPEC CHECKSUMS:
  MBProgressHUD: e7baa36a220447d8aeb12769bf0585582f3866d9
  SDWebImage: 920f1a2ff1ca8296ad34f6e0510a1ef1d70ac965
  SWPhotoBrower: 42a802867088ff5ab236ed7cc35ace0c0793e44b

PODFILE CHECKSUM: 906591fb965f5cf77fb624aa9b29f1e30c05f1d2

COCOAPODS: 1.9.1
