// !$*UTF8*$!
{
	archiveVersion = 1;
	classes = {
	};
	objectVersion = 46;
	objects = {

/* Begin PBXBuildFile section */
		360FB39F1E8FCE0B001F285B /* main.m in Sources */ = {isa = PBXBuildFile; fileRef = 360FB39E1E8FCE0B001F285B /* main.m */; };
		360FB3A21E8FCE0B001F285B /* AppDelegate.m in Sources */ = {isa = PBXBuildFile; fileRef = 360FB3A11E8FCE0B001F285B /* AppDelegate.m */; };
		360FB3A51E8FCE0B001F285B /* ViewController.m in Sources */ = {isa = PBXBuildFile; fileRef = 360FB3A41E8FCE0B001F285B /* ViewController.m */; };
		360FB3AA1E8FCE0B001F285B /* Assets.xcassets in Resources */ = {isa = PBXBuildFile; fileRef = 360FB3A91E8FCE0B001F285B /* Assets.xcassets */; };
		360FB3AD1E8FCE0B001F285B /* LaunchScreen.storyboard in Resources */ = {isa = PBXBuildFile; fileRef = 360FB3AB1E8FCE0B001F285B /* LaunchScreen.storyboard */; };
		3664AF1C1F4D79A600A43131 /* MyCollectionViewCell.m in Sources */ = {isa = PBXBuildFile; fileRef = 3664AF1B1F4D79A600A43131 /* MyCollectionViewCell.m */; };
		36C7366D1F96EAC90064A6B8 /* MyNavigationController.m in Sources */ = {isa = PBXBuildFile; fileRef = 36C7366C1F96EAC90064A6B8 /* MyNavigationController.m */; };
		F5548044668F13A71E4544E5 /* libPods-SWPhotoBrower.a in Frameworks */ = {isa = PBXBuildFile; fileRef = C03445ABD47F5382B5332032 /* libPods-SWPhotoBrower.a */; };
/* End PBXBuildFile section */

/* Begin PBXFileReference section */
		220186AE8B46B46009259CBE /* Pods-SWPhotoBrower.debug.xcconfig */ = {isa = PBXFileReference; includeInIndex = 1; lastKnownFileType = text.xcconfig; name = "Pods-SWPhotoBrower.debug.xcconfig"; path = "Pods/Target Support Files/Pods-SWPhotoBrower/Pods-SWPhotoBrower.debug.xcconfig"; sourceTree = "<group>"; };
		360FB39A1E8FCE0B001F285B /* SWPhotoBrower.app */ = {isa = PBXFileReference; explicitFileType = wrapper.application; includeInIndex = 0; path = SWPhotoBrower.app; sourceTree = BUILT_PRODUCTS_DIR; };
		360FB39E1E8FCE0B001F285B /* main.m */ = {isa = PBXFileReference; lastKnownFileType = sourcecode.c.objc; path = main.m; sourceTree = "<group>"; };
		360FB3A01E8FCE0B001F285B /* AppDelegate.h */ = {isa = PBXFileReference; lastKnownFileType = sourcecode.c.h; path = AppDelegate.h; sourceTree = "<group>"; };
		360FB3A11E8FCE0B001F285B /* AppDelegate.m */ = {isa = PBXFileReference; lastKnownFileType = sourcecode.c.objc; path = AppDelegate.m; sourceTree = "<group>"; };
		360FB3A31E8FCE0B001F285B /* ViewController.h */ = {isa = PBXFileReference; lastKnownFileType = sourcecode.c.h; path = ViewController.h; sourceTree = "<group>"; };
		360FB3A41E8FCE0B001F285B /* ViewController.m */ = {isa = PBXFileReference; lastKnownFileType = sourcecode.c.objc; path = ViewController.m; sourceTree = "<group>"; };
		360FB3A91E8FCE0B001F285B /* Assets.xcassets */ = {isa = PBXFileReference; lastKnownFileType = folder.assetcatalog; path = Assets.xcassets; sourceTree = "<group>"; };
		360FB3AC1E8FCE0B001F285B /* Base */ = {isa = PBXFileReference; lastKnownFileType = file.storyboard; name = Base; path = Base.lproj/LaunchScreen.storyboard; sourceTree = "<group>"; };
		360FB3AE1E8FCE0B001F285B /* Info.plist */ = {isa = PBXFileReference; lastKnownFileType = text.plist.xml; path = Info.plist; sourceTree = "<group>"; };
		3664AF1A1F4D79A600A43131 /* MyCollectionViewCell.h */ = {isa = PBXFileReference; fileEncoding = 4; lastKnownFileType = sourcecode.c.h; path = MyCollectionViewCell.h; sourceTree = "<group>"; };
		3664AF1B1F4D79A600A43131 /* MyCollectionViewCell.m */ = {isa = PBXFileReference; fileEncoding = 4; lastKnownFileType = sourcecode.c.objc; path = MyCollectionViewCell.m; sourceTree = "<group>"; };
		36C7366B1F96EAC90064A6B8 /* MyNavigationController.h */ = {isa = PBXFileReference; lastKnownFileType = sourcecode.c.h; path = MyNavigationController.h; sourceTree = "<group>"; };
		36C7366C1F96EAC90064A6B8 /* MyNavigationController.m */ = {isa = PBXFileReference; lastKnownFileType = sourcecode.c.objc; path = MyNavigationController.m; sourceTree = "<group>"; };
		9C228718199C8F95AAD22541 /* Pods-SWPhotoBrower.release.xcconfig */ = {isa = PBXFileReference; includeInIndex = 1; lastKnownFileType = text.xcconfig; name = "Pods-SWPhotoBrower.release.xcconfig"; path = "Pods/Target Support Files/Pods-SWPhotoBrower/Pods-SWPhotoBrower.release.xcconfig"; sourceTree = "<group>"; };
		C03445ABD47F5382B5332032 /* libPods-SWPhotoBrower.a */ = {isa = PBXFileReference; explicitFileType = archive.ar; includeInIndex = 0; path = "libPods-SWPhotoBrower.a"; sourceTree = BUILT_PRODUCTS_DIR; };
/* End PBXFileReference section */

/* Begin PBXFrameworksBuildPhase section */
		360FB3971E8FCE0B001F285B /* Frameworks */ = {
			isa = PBXFrameworksBuildPhase;
			buildActionMask = 2147483647;
			files = (
				F5548044668F13A71E4544E5 /* libPods-SWPhotoBrower.a in Frameworks */,
			);
			runOnlyForDeploymentPostprocessing = 0;
		};
/* End PBXFrameworksBuildPhase section */

/* Begin PBXGroup section */
		360FB3911E8FCE0B001F285B = {
			isa = PBXGroup;
			children = (
				360FB39C1E8FCE0B001F285B /* SWPhotoBrower */,
				360FB39B1E8FCE0B001F285B /* Products */,
				D1FA40DB80DDD7E1A339E867 /* Pods */,
				BA669B547E5BC66BC0060EAC /* Frameworks */,
			);
			sourceTree = "<group>";
		};
		360FB39B1E8FCE0B001F285B /* Products */ = {
			isa = PBXGroup;
			children = (
				360FB39A1E8FCE0B001F285B /* SWPhotoBrower.app */,
			);
			name = Products;
			sourceTree = "<group>";
		};
		360FB39C1E8FCE0B001F285B /* SWPhotoBrower */ = {
			isa = PBXGroup;
			children = (
				360FB3A01E8FCE0B001F285B /* AppDelegate.h */,
				360FB3A11E8FCE0B001F285B /* AppDelegate.m */,
				360FB3A31E8FCE0B001F285B /* ViewController.h */,
				360FB3A41E8FCE0B001F285B /* ViewController.m */,
				36C7366B1F96EAC90064A6B8 /* MyNavigationController.h */,
				36C7366C1F96EAC90064A6B8 /* MyNavigationController.m */,
				3664AF1A1F4D79A600A43131 /* MyCollectionViewCell.h */,
				3664AF1B1F4D79A600A43131 /* MyCollectionViewCell.m */,
				360FB3A91E8FCE0B001F285B /* Assets.xcassets */,
				360FB3AB1E8FCE0B001F285B /* LaunchScreen.storyboard */,
				360FB3AE1E8FCE0B001F285B /* Info.plist */,
				360FB39D1E8FCE0B001F285B /* Supporting Files */,
			);
			path = SWPhotoBrower;
			sourceTree = "<group>";
		};
		360FB39D1E8FCE0B001F285B /* Supporting Files */ = {
			isa = PBXGroup;
			children = (
				360FB39E1E8FCE0B001F285B /* main.m */,
			);
			name = "Supporting Files";
			sourceTree = "<group>";
		};
		BA669B547E5BC66BC0060EAC /* Frameworks */ = {
			isa = PBXGroup;
			children = (
				C03445ABD47F5382B5332032 /* libPods-SWPhotoBrower.a */,
			);
			name = Frameworks;
			sourceTree = "<group>";
		};
		D1FA40DB80DDD7E1A339E867 /* Pods */ = {
			isa = PBXGroup;
			children = (
				220186AE8B46B46009259CBE /* Pods-SWPhotoBrower.debug.xcconfig */,
				9C228718199C8F95AAD22541 /* Pods-SWPhotoBrower.release.xcconfig */,
			);
			name = Pods;
			sourceTree = "<group>";
		};
/* End PBXGroup section */

/* Begin PBXNativeTarget section */
		360FB3991E8FCE0B001F285B /* SWPhotoBrower */ = {
			isa = PBXNativeTarget;
			buildConfigurationList = 360FB3B11E8FCE0B001F285B /* Build configuration list for PBXNativeTarget "SWPhotoBrower" */;
			buildPhases = (
				B18896D8FBEC61FE479FEFC6 /* [CP] Check Pods Manifest.lock */,
				360FB3961E8FCE0B001F285B /* Sources */,
				360FB3971E8FCE0B001F285B /* Frameworks */,
				360FB3981E8FCE0B001F285B /* Resources */,
				4797A76BEA65BB9796BC89C7 /* [CP] Copy Pods Resources */,
			);
			buildRules = (
			);
			dependencies = (
			);
			name = SWPhotoBrower;
			productName = SWPhotoBrower;
			productReference = 360FB39A1E8FCE0B001F285B /* SWPhotoBrower.app */;
			productType = "com.apple.product-type.application";
		};
/* End PBXNativeTarget section */

/* Begin PBXProject section */
		360FB3921E8FCE0B001F285B /* Project object */ = {
			isa = PBXProject;
			attributes = {
				LastUpgradeCheck = 0900;
				ORGANIZATIONNAME = Yidu;
				TargetAttributes = {
					360FB3991E8FCE0B001F285B = {
						CreatedOnToolsVersion = 8.3;
						DevelopmentTeam = T2KGXA54VS;
						ProvisioningStyle = Automatic;
					};
				};
			};
			buildConfigurationList = 360FB3951E8FCE0B001F285B /* Build configuration list for PBXProject "SWPhotoBrower" */;
			compatibilityVersion = "Xcode 3.2";
			developmentRegion = English;
			hasScannedForEncodings = 0;
			knownRegions = (
				en,
				Base,
			);
			mainGroup = 360FB3911E8FCE0B001F285B;
			productRefGroup = 360FB39B1E8FCE0B001F285B /* Products */;
			projectDirPath = "";
			projectRoot = "";
			targets = (
				360FB3991E8FCE0B001F285B /* SWPhotoBrower */,
			);
		};
/* End PBXProject section */

/* Begin PBXResourcesBuildPhase section */
		360FB3981E8FCE0B001F285B /* Resources */ = {
			isa = PBXResourcesBuildPhase;
			buildActionMask = 2147483647;
			files = (
				360FB3AD1E8FCE0B001F285B /* LaunchScreen.storyboard in Resources */,
				360FB3AA1E8FCE0B001F285B /* Assets.xcassets in Resources */,
			);
			runOnlyForDeploymentPostprocessing = 0;
		};
/* End PBXResourcesBuildPhase section */

/* Begin PBXShellScriptBuildPhase section */
		4797A76BEA65BB9796BC89C7 /* [CP] Copy Pods Resources */ = {
			isa = PBXShellScriptBuildPhase;
			buildActionMask = 2147483647;
			files = (
			);
			inputPaths = (
				"${SRCROOT}/Pods/Target Support Files/Pods-SWPhotoBrower/Pods-SWPhotoBrower-resources.sh",
				"${PODS_ROOT}/../SWPhotoBrower/SWPhotoBrower/img/icon_success@2x.png",
				"${PODS_ROOT}/../SWPhotoBrower/SWPhotoBrower/img/placeholder@2x.png",
				"${PODS_ROOT}/../SWPhotoBrower/SWPhotoBrower/img/TipViewErrorIcon@2x.png",
			);
			name = "[CP] Copy Pods Resources";
			outputPaths = (
				"${TARGET_BUILD_DIR}/${UNLOCALIZED_RESOURCES_FOLDER_PATH}/icon_success@2x.png",
				"${TARGET_BUILD_DIR}/${UNLOCALIZED_RESOURCES_FOLDER_PATH}/placeholder@2x.png",
				"${TARGET_BUILD_DIR}/${UNLOCALIZED_RESOURCES_FOLDER_PATH}/TipViewErrorIcon@2x.png",
			);
			runOnlyForDeploymentPostprocessing = 0;
			shellPath = /bin/sh;
			shellScript = "\"${SRCROOT}/Pods/Target Support Files/Pods-SWPhotoBrower/Pods-SWPhotoBrower-resources.sh\"\n";
			showEnvVarsInLog = 0;
		};
		B18896D8FBEC61FE479FEFC6 /* [CP] Check Pods Manifest.lock */ = {
			isa = PBXShellScriptBuildPhase;
			buildActionMask = 2147483647;
			files = (
			);
			inputPaths = (
				"${PODS_PODFILE_DIR_PATH}/Podfile.lock",
				"${PODS_ROOT}/Manifest.lock",
			);
			name = "[CP] Check Pods Manifest.lock";
			outputPaths = (
				"$(DERIVED_FILE_DIR)/Pods-SWPhotoBrower-checkManifestLockResult.txt",
			);
			runOnlyForDeploymentPostprocessing = 0;
			shellPath = /bin/sh;
			shellScript = "diff \"${PODS_PODFILE_DIR_PATH}/Podfile.lock\" \"${PODS_ROOT}/Manifest.lock\" > /dev/null\nif [ $? != 0 ] ; then\n    # print error to STDERR\n    echo \"error: The sandbox is not in sync with the Podfile.lock. Run 'pod install' or update your CocoaPods installation.\" >&2\n    exit 1\nfi\n# This output is used by Xcode 'outputs' to avoid re-running this script phase.\necho \"SUCCESS\" > \"${SCRIPT_OUTPUT_FILE_0}\"\n";
			showEnvVarsInLog = 0;
		};
/* End PBXShellScriptBuildPhase section */

/* Begin PBXSourcesBuildPhase section */
		360FB3961E8FCE0B001F285B /* Sources */ = {
			isa = PBXSourcesBuildPhase;
			buildActionMask = 2147483647;
			files = (
				360FB3A51E8FCE0B001F285B /* ViewController.m in Sources */,
				36C7366D1F96EAC90064A6B8 /* MyNavigationController.m in Sources */,
				360FB3A21E8FCE0B001F285B /* AppDelegate.m in Sources */,
				360FB39F1E8FCE0B001F285B /* main.m in Sources */,
				3664AF1C1F4D79A600A43131 /* MyCollectionViewCell.m in Sources */,
			);
			runOnlyForDeploymentPostprocessing = 0;
		};
/* End PBXSourcesBuildPhase section */

/* Begin PBXVariantGroup section */
		360FB3AB1E8FCE0B001F285B /* LaunchScreen.storyboard */ = {
			isa = PBXVariantGroup;
			children = (
				360FB3AC1E8FCE0B001F285B /* Base */,
			);
			name = LaunchScreen.storyboard;
			sourceTree = "<group>";
		};
/* End PBXVariantGroup section */

/* Begin XCBuildConfiguration section */
		360FB3AF1E8FCE0B001F285B /* Debug */ = {
			isa = XCBuildConfiguration;
			buildSettings = {
				ALWAYS_SEARCH_USER_PATHS = NO;
				CLANG_ANALYZER_NONNULL = YES;
				CLANG_ANALYZER_NUMBER_OBJECT_CONVERSION = YES_AGGRESSIVE;
				CLANG_CXX_LANGUAGE_STANDARD = "gnu++0x";
				CLANG_CXX_LIBRARY = "libc++";
				CLANG_ENABLE_MODULES = YES;
				CLANG_ENABLE_OBJC_ARC = YES;
				CLANG_WARN_BLOCK_CAPTURE_AUTORELEASING = YES;
				CLANG_WARN_BOOL_CONVERSION = YES;
				CLANG_WARN_COMMA = YES;
				CLANG_WARN_CONSTANT_CONVERSION = YES;
				CLANG_WARN_DIRECT_OBJC_ISA_USAGE = YES_ERROR;
				CLANG_WARN_DOCUMENTATION_COMMENTS = YES;
				CLANG_WARN_EMPTY_BODY = YES;
				CLANG_WARN_ENUM_CONVERSION = YES;
				CLANG_WARN_INFINITE_RECURSION = YES;
				CLANG_WARN_INT_CONVERSION = YES;
				CLANG_WARN_NON_LITERAL_NULL_CONVERSION = YES;
				CLANG_WARN_OBJC_LITERAL_CONVERSION = YES;
				CLANG_WARN_OBJC_ROOT_CLASS = YES_ERROR;
				CLANG_WARN_RANGE_LOOP_ANALYSIS = YES;
				CLANG_WARN_STRICT_PROTOTYPES = YES;
				CLANG_WARN_SUSPICIOUS_MOVE = YES;
				CLANG_WARN_UNREACHABLE_CODE = YES;
				CLANG_WARN__DUPLICATE_METHOD_MATCH = YES;
				"CODE_SIGN_IDENTITY[sdk=iphoneos*]" = "iPhone Developer";
				COPY_PHASE_STRIP = NO;
				DEBUG_INFORMATION_FORMAT = dwarf;
				ENABLE_STRICT_OBJC_MSGSEND = YES;
				ENABLE_TESTABILITY = YES;
				GCC_C_LANGUAGE_STANDARD = gnu99;
				GCC_DYNAMIC_NO_PIC = NO;
				GCC_NO_COMMON_BLOCKS = YES;
				GCC_OPTIMIZATION_LEVEL = 0;
				GCC_PREPROCESSOR_DEFINITIONS = (
					"DEBUG=1",
					"$(inherited)",
				);
				GCC_WARN_64_TO_32_BIT_CONVERSION = YES;
				GCC_WARN_ABOUT_RETURN_TYPE = YES_ERROR;
				GCC_WARN_UNDECLARED_SELECTOR = YES;
				GCC_WARN_UNINITIALIZED_AUTOS = YES_AGGRESSIVE;
				GCC_WARN_UNUSED_FUNCTION = YES;
				GCC_WARN_UNUSED_VARIABLE = YES;
				IPHONEOS_DEPLOYMENT_TARGET = 10.3;
				MTL_ENABLE_DEBUG_INFO = YES;
				ONLY_ACTIVE_ARCH = YES;
				SDKROOT = iphoneos;
			};
			name = Debug;
		};
		360FB3B01E8FCE0B001F285B /* Release */ = {
			isa = XCBuildConfiguration;
			buildSettings = {
				ALWAYS_SEARCH_USER_PATHS = NO;
				CLANG_ANALYZER_NONNULL = YES;
				CLANG_ANALYZER_NUMBER_OBJECT_CONVERSION = YES_AGGRESSIVE;
				CLANG_CXX_LANGUAGE_STANDARD = "gnu++0x";
				CLANG_CXX_LIBRARY = "libc++";
				CLANG_ENABLE_MODULES = YES;
				CLANG_ENABLE_OBJC_ARC = YES;
				CLANG_WARN_BLOCK_CAPTURE_AUTORELEASING = YES;
				CLANG_WARN_BOOL_CONVERSION = YES;
				CLANG_WARN_COMMA = YES;
				CLANG_WARN_CONSTANT_CONVERSION = YES;
				CLANG_WARN_DIRECT_OBJC_ISA_USAGE = YES_ERROR;
				CLANG_WARN_DOCUMENTATION_COMMENTS = YES;
				CLANG_WARN_EMPTY_BODY = YES;
				CLANG_WARN_ENUM_CONVERSION = YES;
				CLANG_WARN_INFINITE_RECURSION = YES;
				CLANG_WARN_INT_CONVERSION = YES;
				CLANG_WARN_NON_LITERAL_NULL_CONVERSION = YES;
				CLANG_WARN_OBJC_LITERAL_CONVERSION = YES;
				CLANG_WARN_OBJC_ROOT_CLASS = YES_ERROR;
				CLANG_WARN_RANGE_LOOP_ANALYSIS = YES;
				CLANG_WARN_STRICT_PROTOTYPES = YES;
				CLANG_WARN_SUSPICIOUS_MOVE = YES;
				CLANG_WARN_UNREACHABLE_CODE = YES;
				CLANG_WARN__DUPLICATE_METHOD_MATCH = YES;
				"CODE_SIGN_IDENTITY[sdk=iphoneos*]" = "iPhone Developer";
				COPY_PHASE_STRIP = NO;
				DEBUG_INFORMATION_FORMAT = "dwarf-with-dsym";
				ENABLE_NS_ASSERTIONS = NO;
				ENABLE_STRICT_OBJC_MSGSEND = YES;
				GCC_C_LANGUAGE_STANDARD = gnu99;
				GCC_NO_COMMON_BLOCKS = YES;
				GCC_WARN_64_TO_32_BIT_CONVERSION = YES;
				GCC_WARN_ABOUT_RETURN_TYPE = YES_ERROR;
				GCC_WARN_UNDECLARED_SELECTOR = YES;
				GCC_WARN_UNINITIALIZED_AUTOS = YES_AGGRESSIVE;
				GCC_WARN_UNUSED_FUNCTION = YES;
				GCC_WARN_UNUSED_VARIABLE = YES;
				IPHONEOS_DEPLOYMENT_TARGET = 10.3;
				MTL_ENABLE_DEBUG_INFO = NO;
				SDKROOT = iphoneos;
				VALIDATE_PRODUCT = YES;
			};
			name = Release;
		};
		360FB3B21E8FCE0B001F285B /* Debug */ = {
			isa = XCBuildConfiguration;
			baseConfigurationReference = 220186AE8B46B46009259CBE /* Pods-SWPhotoBrower.debug.xcconfig */;
			buildSettings = {
				ASSETCATALOG_COMPILER_APPICON_NAME = AppIcon;
				"CODE_SIGN_IDENTITY[sdk=iphoneos*]" = "iPhone Developer";
				CODE_SIGN_STYLE = Automatic;
				DEVELOPMENT_TEAM = T2KGXA54VS;
				INFOPLIST_FILE = SWPhotoBrower/Info.plist;
				LD_RUNPATH_SEARCH_PATHS = "$(inherited) @executable_path/Frameworks";
				PRODUCT_BUNDLE_IDENTIFIER = com.loko.SWPhotoBrower;
				PRODUCT_NAME = "$(TARGET_NAME)";
				PROVISIONING_PROFILE_SPECIFIER = "";
			};
			name = Debug;
		};
		360FB3B31E8FCE0B001F285B /* Release */ = {
			isa = XCBuildConfiguration;
			baseConfigurationReference = 9C228718199C8F95AAD22541 /* Pods-SWPhotoBrower.release.xcconfig */;
			buildSettings = {
				ASSETCATALOG_COMPILER_APPICON_NAME = AppIcon;
				"CODE_SIGN_IDENTITY[sdk=iphoneos*]" = "iPhone Developer";
				CODE_SIGN_STYLE = Automatic;
				DEVELOPMENT_TEAM = T2KGXA54VS;
				INFOPLIST_FILE = SWPhotoBrower/Info.plist;
				LD_RUNPATH_SEARCH_PATHS = "$(inherited) @executable_path/Frameworks";
				PRODUCT_BUNDLE_IDENTIFIER = com.loko.SWPhotoBrower;
				PRODUCT_NAME = "$(TARGET_NAME)";
				PROVISIONING_PROFILE_SPECIFIER = "";
			};
			name = Release;
		};
/* End XCBuildConfiguration section */

/* Begin XCConfigurationList section */
		360FB3951E8FCE0B001F285B /* Build configuration list for PBXProject "SWPhotoBrower" */ = {
			isa = XCConfigurationList;
			buildConfigurations = (
				360FB3AF1E8FCE0B001F285B /* Debug */,
				360FB3B01E8FCE0B001F285B /* Release */,
			);
			defaultConfigurationIsVisible = 0;
			defaultConfigurationName = Release;
		};
		360FB3B11E8FCE0B001F285B /* Build configuration list for PBXNativeTarget "SWPhotoBrower" */ = {
			isa = XCConfigurationList;
			buildConfigurations = (
				360FB3B21E8FCE0B001F285B /* Debug */,
				360FB3B31E8FCE0B001F285B /* Release */,
			);
			defaultConfigurationIsVisible = 0;
			defaultConfigurationName = Release;
		};
/* End XCConfigurationList section */
	};
	rootObject = 360FB3921E8FCE0B001F285B /* Project object */;
}
